
Microsoft Visual Studio Solution File, Format Version 12.00
# Visual Studio 15
VisualStudioVersion = 15.0.26124.0
MinimumVisualStudioVersion = 15.0.26124.0
Project("{FAE04EC0-301F-11D3-BF4B-00C04F79EFBC}") = "Framework", "Framework\Framework.csproj", "{C100E23C-54B5-48DE-A79C-E87B794DF47C}"
EndProject
Project("{FAE04EC0-301F-11D3-BF4B-00C04F79EFBC}") = "Royale", "Royale\Royale.csproj", "{8C24D1C5-260E-415B-A863-5719A86BFB9D}"
EndProject
Project("{FAE04EC0-301F-11D3-BF4B-00C04F79EFBC}") = "Royale.Tests", "Royale.Tests\Royale.Tests.csproj", "{D8DF4988-BFC8-40E2-8FC4-3DC4EB6555F9}"
EndProject
Global
	GlobalSection(SolutionConfigurationPlatforms) = preSolution
		Debug|Any CPU = Debug|Any CPU
		Debug|x64 = Debug|x64
		Debug|x86 = Debug|x86
		Release|Any CPU = Release|Any CPU
		Release|x64 = Release|x64
		Release|x86 = Release|x86
	EndGlobalSection
	GlobalSection(SolutionProperties) = preSolution
		HideSolutionNode = FALSE
	EndGlobalSection
	GlobalSection(ProjectConfigurationPlatforms) = postSolution
		{C100E23C-54B5-48DE-A79C-E87B794DF47C}.Debug|Any CPU.ActiveCfg = Debug|Any CPU
		{C100E23C-54B5-48DE-A79C-E87B794DF47C}.Debug|Any CPU.Build.0 = Debug|Any CPU
		{C100E23C-54B5-48DE-A79C-E87B794DF47C}.Debug|x64.ActiveCfg = Debug|Any CPU
		{C100E23C-54B5-48DE-A79C-E87B794DF47C}.Debug|x64.Build.0 = Debug|Any CPU
		{C100E23C-54B5-48DE-A79C-E87B794DF47C}.Debug|x86.ActiveCfg = Debug|Any CPU
		{C100E23C-54B5-48DE-A79C-E87B794DF47C}.Debug|x86.Build.0 = Debug|Any CPU
		{C100E23C-54B5-48DE-A79C-E87B794DF47C}.Release|Any CPU.ActiveCfg = Release|Any CPU
		{C100E23C-54B5-48DE-A79C-E87B794DF47C}.Release|Any CPU.Build.0 = Release|Any CPU
		{C100E23C-54B5-48DE-A79C-E87B794DF47C}.Release|x64.ActiveCfg = Release|Any CPU
		{C100E23C-54B5-48DE-A79C-E87B794DF47C}.Release|x64.Build.0 = Release|Any CPU
		{C100E23C-54B5-48DE-A79C-E87B794DF47C}.Release|x86.ActiveCfg = Release|Any CPU
		{C100E23C-54B5-48DE-A79C-E87B794DF47C}.Release|x86.Build.0 = Release|Any CPU
		{8C24D1C5-260E-415B-A863-5719A86BFB9D}.Debug|Any CPU.ActiveCfg = Debug|Any CPU
		{8C24D1C5-260E-415B-A863-5719A86BFB9D}.Debug|Any CPU.Build.0 = Debug|Any CPU
		{8C24D1C5-260E-415B-A863-5719A86BFB9D}.Debug|x64.ActiveCfg = Debug|Any CPU
		{8C24D1C5-260E-415B-A863-5719A86BFB9D}.Debug|x64.Build.0 = Debug|Any CPU
		{8C24D1C5-260E-415B-A863-5719A86BFB9D}.Debug|x86.ActiveCfg = Debug|Any CPU
		{8C24D1C5-260E-415B-A863-5719A86BFB9D}.Debug|x86.Build.0 = Debug|Any CPU
		{8C24D1C5-260E-415B-A863-5719A86BFB9D}.Release|Any CPU.ActiveCfg = Release|Any CPU
		{8C24D1C5-260E-415B-A863-5719A86BFB9D}.Release|Any CPU.Build.0 = Release|Any CPU
		{8C24D1C5-260E-415B-A863-5719A86BFB9D}.Release|x64.ActiveCfg = Release|Any CPU
		{8C24D1C5-260E-415B-A863-5719A86BFB9D}.Release|x64.Build.0 = Release|Any CPU
		{8C24D1C5-260E-415B-A863-5719A86BFB9D}.Release|x86.ActiveCfg = Release|Any CPU
		{8C24D1C5-260E-415B-A863-5719A86BFB9D}.Release|x86.Build.0 = Release|Any CPU
		{D8DF4988-BFC8-40E2-8FC4-3DC4EB6555F9}.Debug|Any CPU.ActiveCfg = Debug|Any CPU
		{D8DF4988-BFC8-40E2-8FC4-3DC4EB6555F9}.Debug|Any CPU.Build.0 = Debug|Any CPU
		{D8DF4988-BFC8-40E2-8FC4-3DC4EB6555F9}.Debug|x64.ActiveCfg = Debug|Any CPU
		{D8DF4988-BFC8-40E2-8FC4-3DC4EB6555F9}.Debug|x64.Build.0 = Debug|Any CPU
		{D8DF4988-BFC8-40E2-8FC4-3DC4EB6555F9}.Debug|x86.ActiveCfg = Debug|Any CPU
		{D8DF4988-BFC8-40E2-8FC4-3DC4EB6555F9}.Debug|x86.Build.0 = Debug|Any CPU
		{D8DF4988-BFC8-40E2-8FC4-3DC4EB6555F9}.Release|Any CPU.ActiveCfg = Release|Any CPU
		{D8DF4988-BFC8-40E2-8FC4-3DC4EB6555F9}.Release|Any CPU.Build.0 = Release|Any CPU
		{D8DF4988-BFC8-40E2-8FC4-3DC4EB6555F9}.Release|x64.ActiveCfg = Release|Any CPU
		{D8DF4988-BFC8-40E2-8FC4-3DC4EB6555F9}.Release|x64.Build.0 = Release|Any CPU
		{D8DF4988-BFC8-40E2-8FC4-3DC4EB6555F9}.Release|x86.ActiveCfg = Release|Any CPU
		{D8DF4988-BFC8-40E2-8FC4-3DC4EB6555F9}.Release|x86.Build.0 = Release|Any CPU
	EndGlobalSection
EndGlobal
